# This file is automatically @generated by Cargo.
# It is not intended for manual editing.
version = 4

[[package]]
name = "nt-cli"
version = "0.1.0"
dependencies = [
 "nt-grid",
 "nt-ledger",
 "nt-market",
 "nt-risk",
]

[[package]]
name = "nt-execution"
version = "0.1.0"
dependencies = [
 "nt-risk",
]

[[package]]
name = "nt-grid"
version = "0.1.0"
dependencies = [
 "nt-execution",
 "nt-ledger",
 "nt-market",
 "nt-risk",
]

[[package]]
name = "nt-ladder"
version = "0.1.0"
dependencies = [
 "nt-risk",
]

[[package]]
name = "nt-ledger"
version = "0.1.0"
dependencies = [
 "nt-execution",
 "nt-risk",
]

[[package]]
name = "nt-market"
version = "0.1.0"
dependencies = [
 "nt-risk",
]

[[package]]
name = "nt-risk"
version = "0.1.0"
